
Microsoft Visual Studio Solution File, Format Version 12.00
Project("{F2A71F9B-5D33-465A-A702-920D77279786}") = "Unit1.Lesson3", "Unit1.Lesson3\Unit1.Lesson3.fsproj", "{CEFF1276-265D-4160-86C4-69DF822904F5}"
EndProject
Project("{F2A71F9B-5D33-465A-A702-920D77279786}") = "Unit2.Lesson4", "Unit2.Lesson4\Unit2.Lesson4.fsproj", "{9A0A2EA5-70D8-41B8-AC61-05F48BD9BD5E}"
EndProject
Project("{F2A71F9B-5D33-465A-A702-920D77279786}") = "Unit2.Lesson5", "Unit2.Lesson5\Unit2.Lesson5.fsproj", "{BB49780F-C2D1-43D0-80D9-336AFA0E8674}"
EndProject
Project("{F2A71F9B-5D33-465A-A702-920D77279786}") = "Unit2.Lesson6", "Unit2.Lesson6\Unit2.Lesson6.fsproj", "{608DCB39-39CD-4BB7-BE0B-1FC1B3757170}"
EndProject
Project("{F2A71F9B-5D33-465A-A702-920D77279786}") = "Unit2.Lesson7", "Unit2.Lesson7\Unit2.Lesson7.fsproj", "{EA5B36E5-9590-44F3-A993-2800A0C5A98E}"
EndProject
Project("{F2A71F9B-5D33-465A-A702-920D77279786}") = "Unit2.Lesson8", "Unit2.Lesson8\Unit2.Lesson8.fsproj", "{870D8B73-0D9D-4283-81C2-F44737CE095F}"
EndProject
Project("{F2A71F9B-5D33-465A-A702-920D77279786}") = "Unit3.Lesson9", "Unit3.Lesson9\Unit3.Lesson9.fsproj", "{BB8FE55B-2DD9-451A-865F-602D5202DB4A}"
EndProject
Project("{F2A71F9B-5D33-465A-A702-920D77279786}") = "Unit3.Lesson10", "Unit3.Lesson10\Unit3.Lesson10.fsproj", "{6445BC04-2E12-44CF-9F85-C673509BD161}"
EndProject
Project("{F2A71F9B-5D33-465A-A702-920D77279786}") = "Unit3.Lesson11", "Unit3.Lesson11\Unit3.Lesson11.fsproj", "{937898E5-982C-4C95-B68D-34C18AA825BE}"
EndProject
Project("{F2A71F9B-5D33-465A-A702-920D77279786}") = "Unit3.Lesson12", "Unit3.Lesson12\Unit3.Lesson12.fsproj", "{8CD52EF2-B8C4-42BA-AC1D-13D06EB47A02}"
EndProject
Project("{F2A71F9B-5D33-465A-A702-920D77279786}") = "Unit3.Lesson13", "Unit3.Lesson13\Unit3.Lesson13.fsproj", "{4419908C-AF7A-483A-97D4-8F0F16D67AEF}"
EndProject
Project("{F2A71F9B-5D33-465A-A702-920D77279786}") = "Unit3.Lesson14", "Unit3.Lesson14\Unit3.Lesson14.fsproj", "{EDDDE8E1-4B95-4875-A041-7A6BC4384232}"
EndProject
Project("{F2A71F9B-5D33-465A-A702-920D77279786}") = "Unit4.Lesson15", "Unit4.Lesson15\Unit4.Lesson15.fsproj", "{D2456D78-1EFD-41B5-AF69-93C81B6DD969}"
EndProject
Project("{F2A71F9B-5D33-465A-A702-920D77279786}") = "Unit4.Lesson16", "Unit4.Lesson16\Unit4.Lesson16.fsproj", "{E203649E-4970-490B-81C2-6750140A3774}"
EndProject
Project("{F2A71F9B-5D33-465A-A702-920D77279786}") = "Unit4.Lesson17", "Unit4.Lesson17\Unit4.Lesson17.fsproj", "{9CB526DB-0B3A-4D25-9285-550897462B9D}"
EndProject
Project("{F2A71F9B-5D33-465A-A702-920D77279786}") = "Unit4.Lesson18", "Unit4.Lesson18\Unit4.Lesson18.fsproj", "{D1C551CD-6FA3-4DBC-A73F-01ABF11B1F16}"
EndProject
Project("{F2A71F9B-5D33-465A-A702-920D77279786}") = "Unit4.Lesson19", "Unit4.Lesson19\Unit4.Lesson19.fsproj", "{AD33B72E-CB33-496E-9BCE-8A2710DFC912}"
EndProject
Project("{F2A71F9B-5D33-465A-A702-920D77279786}") = "Unit5.Lesson20", "Unit5.Lesson20\Unit5.Lesson20.fsproj", "{18054FD4-B315-4E57-B170-2D6FC6760806}"
EndProject
Project("{F2A71F9B-5D33-465A-A702-920D77279786}") = "Unit5.Lesson21", "Unit5.Lesson21\Unit5.Lesson21.fsproj", "{813D7190-7CE0-4C65-9C1A-31CA85AF3312}"
EndProject
Project("{F2A71F9B-5D33-465A-A702-920D77279786}") = "ActivePatterns", "ActivePatterns\ActivePatterns.fsproj", "{465B9864-B011-4F8B-8CC0-3FC4593AFD17}"
EndProject
Project("{F2A71F9B-5D33-465A-A702-920D77279786}") = "Unit5.Lesson22", "Unit5.Lesson22\Unit5.Lesson22.fsproj", "{6928500D-2A93-4B0B-9C3E-5DF0024300CB}"
EndProject
Project("{F2A71F9B-5D33-465A-A702-920D77279786}") = "Unit5.Lesson23", "Unit5.Lesson23\Unit5.Lesson23.fsproj", "{B164D198-9653-42C1-B304-CC9C845B0DF7}"
EndProject
Project("{F2A71F9B-5D33-465A-A702-920D77279786}") = "Unit5.Lesson24", "Unit5.Lesson24\Unit5.Lesson24.fsproj", "{0E6E478B-365A-4552-9212-7E6C6531A2A5}"
EndProject
Project("{F2A71F9B-5D33-465A-A702-920D77279786}") = "RailwayOrientedProgramming", "RailwayOrientedProgramming\RailwayOrientedProgramming.fsproj", "{D778D919-E785-4AA7-BEE8-BFE1FD3CBDBA}"
EndProject
Project("{F2A71F9B-5D33-465A-A702-920D77279786}") = "Unit6.Lesson25", "Unit6.Lesson25\Unit6.Lesson25.fsproj", "{5A32268A-6D5B-4974-9ECA-FA71663300BF}"
EndProject
Project("{FAE04EC0-301F-11D3-BF4B-00C04F79EFBC}") = "Unit6.Lesson25.CSharp", "Unit6.Lesson25.CSharp\Unit6.Lesson25.CSharp.csproj", "{235F875C-30AB-4298-8667-CD02EB844BBE}"
EndProject
Project("{F2A71F9B-5D33-465A-A702-920D77279786}") = "Unit6.Lesson26", "Unit6.Lesson26\Unit6.Lesson26.fsproj", "{2977103B-5AB2-4195-8869-D52FA16EA863}"
EndProject
Project("{F2A71F9B-5D33-465A-A702-920D77279786}") = "Unit6.Lesson27", "Unit6.Lesson27\Unit6.Lesson27.fsproj", "{C4C09D9C-CCC2-4C77-8757-4C2897CB66CC}"
EndProject
Project("{FAE04EC0-301F-11D3-BF4B-00C04F79EFBC}") = "Unit6.Lesson27.CSharp", "Unit6.Lesson27.CSharp\Unit6.Lesson27.CSharp.csproj", "{64652E4B-3F03-4222-97B9-C1AE84C6C66B}"
EndProject
Project("{F2A71F9B-5D33-465A-A702-920D77279786}") = "Unit6.Lesson28", "Unit6.Lesson28\Unit6.Lesson28.fsproj", "{59003373-836C-4CCE-B853-C344CEFE82EC}"
EndProject
Project("{F2A71F9B-5D33-465A-A702-920D77279786}") = "Unit6.Lesson29", "Unit6.Lesson29\Unit6.Lesson29.fsproj", "{9DAE8EE4-C920-4A2A-A1FF-F98ACD24D62D}"
EndProject
Project("{F2A71F9B-5D33-465A-A702-920D77279786}") = "Unit7.Lesson30", "Unit7.Lesson30\Unit7.Lesson30.fsproj", "{EE29195E-A9DC-4421-9375-43374C224D80}"
EndProject
Project("{F2A71F9B-5D33-465A-A702-920D77279786}") = "Unit7.Lesson31", "Unit7.Lesson31\Unit7.Lesson31.fsproj", "{466C004C-C427-475B-9974-7E4F0459D779}"
EndProject
Project("{F2A71F9B-5D33-465A-A702-920D77279786}") = "Unit7.Lesson32", "Unit7.Lesson32\Unit7.Lesson32.fsproj", "{86F030C2-4BA1-4F2B-8B00-07316C9C9296}"
EndProject
Project("{F2A71F9B-5D33-465A-A702-920D77279786}") = "Unit7.Lesson33", "Unit7.Lesson33\Unit7.Lesson33.fsproj", "{98D11336-8637-4AA6-BFC6-CCFD3F32B1CC}"
EndProject
Project("{F2A71F9B-5D33-465A-A702-920D77279786}") = "Unit7.Lesson34", "Unit7.Lesson34\Unit7.Lesson34.fsproj", "{BB26DC80-1292-415C-9CC5-C7BBF3619CB3}"
EndProject
Project("{F2A71F9B-5D33-465A-A702-920D77279786}") = "Unit7.Lesson35", "Unit7.Lesson35\Unit7.Lesson35.fsproj", "{480C5BD5-9C03-4BCB-881A-01001415D2FF}"
EndProject
Project("{F2A71F9B-5D33-465A-A702-920D77279786}") = "Unit8.Lesson36", "Unit8.Lesson36\Unit8.Lesson36.fsproj", "{D7385FB8-61F1-4264-AF39-C7707C12E92A}"
EndProject
Project("{F2A71F9B-5D33-465A-A702-920D77279786}") = "Unit8.Lesson37.WebApi", "Unit8.Lesson37.WebApi\Unit8.Lesson37.WebApi.fsproj", "{7C2B13DB-7A81-444F-9F60-2D67DE046E1E}"
EndProject
Project("{F2A71F9B-5D33-465A-A702-920D77279786}") = "Unit8.Lesson37.Suave", "Unit8.Lesson37.Suave\Unit8.Lesson37.Suave.fsproj", "{3D94358A-AABD-4512-B68C-3D913130F3E0}"
EndProject
Global
	GlobalSection(SolutionConfigurationPlatforms) = preSolution
		Debug|Any CPU = Debug|Any CPU
		Release|Any CPU = Release|Any CPU
	EndGlobalSection
	GlobalSection(ProjectConfigurationPlatforms) = postSolution
		{CEFF1276-265D-4160-86C4-69DF822904F5}.Debug|Any CPU.ActiveCfg = Debug|Any CPU
		{CEFF1276-265D-4160-86C4-69DF822904F5}.Debug|Any CPU.Build.0 = Debug|Any CPU
		{CEFF1276-265D-4160-86C4-69DF822904F5}.Release|Any CPU.ActiveCfg = Release|Any CPU
		{CEFF1276-265D-4160-86C4-69DF822904F5}.Release|Any CPU.Build.0 = Release|Any CPU
		{9A0A2EA5-70D8-41B8-AC61-05F48BD9BD5E}.Debug|Any CPU.ActiveCfg = Debug|Any CPU
		{9A0A2EA5-70D8-41B8-AC61-05F48BD9BD5E}.Debug|Any CPU.Build.0 = Debug|Any CPU
		{9A0A2EA5-70D8-41B8-AC61-05F48BD9BD5E}.Release|Any CPU.ActiveCfg = Release|Any CPU
		{9A0A2EA5-70D8-41B8-AC61-05F48BD9BD5E}.Release|Any CPU.Build.0 = Release|Any CPU
		{BB49780F-C2D1-43D0-80D9-336AFA0E8674}.Debug|Any CPU.ActiveCfg = Debug|Any CPU
		{BB49780F-C2D1-43D0-80D9-336AFA0E8674}.Debug|Any CPU.Build.0 = Debug|Any CPU
		{BB49780F-C2D1-43D0-80D9-336AFA0E8674}.Release|Any CPU.ActiveCfg = Release|Any CPU
		{BB49780F-C2D1-43D0-80D9-336AFA0E8674}.Release|Any CPU.Build.0 = Release|Any CPU
		{608DCB39-39CD-4BB7-BE0B-1FC1B3757170}.Debug|Any CPU.ActiveCfg = Debug|Any CPU
		{608DCB39-39CD-4BB7-BE0B-1FC1B3757170}.Debug|Any CPU.Build.0 = Debug|Any CPU
		{608DCB39-39CD-4BB7-BE0B-1FC1B3757170}.Release|Any CPU.ActiveCfg = Release|Any CPU
		{608DCB39-39CD-4BB7-BE0B-1FC1B3757170}.Release|Any CPU.Build.0 = Release|Any CPU
		{EA5B36E5-9590-44F3-A993-2800A0C5A98E}.Debug|Any CPU.ActiveCfg = Debug|Any CPU
		{EA5B36E5-9590-44F3-A993-2800A0C5A98E}.Debug|Any CPU.Build.0 = Debug|Any CPU
		{EA5B36E5-9590-44F3-A993-2800A0C5A98E}.Release|Any CPU.ActiveCfg = Release|Any CPU
		{EA5B36E5-9590-44F3-A993-2800A0C5A98E}.Release|Any CPU.Build.0 = Release|Any CPU
		{870D8B73-0D9D-4283-81C2-F44737CE095F}.Debug|Any CPU.ActiveCfg = Debug|Any CPU
		{870D8B73-0D9D-4283-81C2-F44737CE095F}.Debug|Any CPU.Build.0 = Debug|Any CPU
		{870D8B73-0D9D-4283-81C2-F44737CE095F}.Release|Any CPU.ActiveCfg = Release|Any CPU
		{870D8B73-0D9D-4283-81C2-F44737CE095F}.Release|Any CPU.Build.0 = Release|Any CPU
		{BB8FE55B-2DD9-451A-865F-602D5202DB4A}.Debug|Any CPU.ActiveCfg = Debug|Any CPU
		{BB8FE55B-2DD9-451A-865F-602D5202DB4A}.Debug|Any CPU.Build.0 = Debug|Any CPU
		{BB8FE55B-2DD9-451A-865F-602D5202DB4A}.Release|Any CPU.ActiveCfg = Release|Any CPU
		{BB8FE55B-2DD9-451A-865F-602D5202DB4A}.Release|Any CPU.Build.0 = Release|Any CPU
		{6445BC04-2E12-44CF-9F85-C673509BD161}.Debug|Any CPU.ActiveCfg = Debug|Any CPU
		{6445BC04-2E12-44CF-9F85-C673509BD161}.Debug|Any CPU.Build.0 = Debug|Any CPU
		{6445BC04-2E12-44CF-9F85-C673509BD161}.Release|Any CPU.ActiveCfg = Release|Any CPU
		{6445BC04-2E12-44CF-9F85-C673509BD161}.Release|Any CPU.Build.0 = Release|Any CPU
		{937898E5-982C-4C95-B68D-34C18AA825BE}.Debug|Any CPU.ActiveCfg = Debug|Any CPU
		{937898E5-982C-4C95-B68D-34C18AA825BE}.Debug|Any CPU.Build.0 = Debug|Any CPU
		{937898E5-982C-4C95-B68D-34C18AA825BE}.Release|Any CPU.ActiveCfg = Release|Any CPU
		{937898E5-982C-4C95-B68D-34C18AA825BE}.Release|Any CPU.Build.0 = Release|Any CPU
		{8CD52EF2-B8C4-42BA-AC1D-13D06EB47A02}.Debug|Any CPU.ActiveCfg = Debug|Any CPU
		{8CD52EF2-B8C4-42BA-AC1D-13D06EB47A02}.Debug|Any CPU.Build.0 = Debug|Any CPU
		{8CD52EF2-B8C4-42BA-AC1D-13D06EB47A02}.Release|Any CPU.ActiveCfg = Release|Any CPU
		{8CD52EF2-B8C4-42BA-AC1D-13D06EB47A02}.Release|Any CPU.Build.0 = Release|Any CPU
		{4419908C-AF7A-483A-97D4-8F0F16D67AEF}.Debug|Any CPU.ActiveCfg = Debug|Any CPU
		{4419908C-AF7A-483A-97D4-8F0F16D67AEF}.Debug|Any CPU.Build.0 = Debug|Any CPU
		{4419908C-AF7A-483A-97D4-8F0F16D67AEF}.Release|Any CPU.ActiveCfg = Release|Any CPU
		{4419908C-AF7A-483A-97D4-8F0F16D67AEF}.Release|Any CPU.Build.0 = Release|Any CPU
		{EDDDE8E1-4B95-4875-A041-7A6BC4384232}.Debug|Any CPU.ActiveCfg = Debug|Any CPU
		{EDDDE8E1-4B95-4875-A041-7A6BC4384232}.Debug|Any CPU.Build.0 = Debug|Any CPU
		{EDDDE8E1-4B95-4875-A041-7A6BC4384232}.Release|Any CPU.ActiveCfg = Release|Any CPU
		{EDDDE8E1-4B95-4875-A041-7A6BC4384232}.Release|Any CPU.Build.0 = Release|Any CPU
		{D2456D78-1EFD-41B5-AF69-93C81B6DD969}.Debug|Any CPU.ActiveCfg = Debug|Any CPU
		{D2456D78-1EFD-41B5-AF69-93C81B6DD969}.Debug|Any CPU.Build.0 = Debug|Any CPU
		{D2456D78-1EFD-41B5-AF69-93C81B6DD969}.Release|Any CPU.ActiveCfg = Release|Any CPU
		{D2456D78-1EFD-41B5-AF69-93C81B6DD969}.Release|Any CPU.Build.0 = Release|Any CPU
		{E203649E-4970-490B-81C2-6750140A3774}.Debug|Any CPU.ActiveCfg = Debug|Any CPU
		{E203649E-4970-490B-81C2-6750140A3774}.Debug|Any CPU.Build.0 = Debug|Any CPU
		{E203649E-4970-490B-81C2-6750140A3774}.Release|Any CPU.ActiveCfg = Release|Any CPU
		{E203649E-4970-490B-81C2-6750140A3774}.Release|Any CPU.Build.0 = Release|Any CPU
		{9CB526DB-0B3A-4D25-9285-550897462B9D}.Debug|Any CPU.ActiveCfg = Debug|Any CPU
		{9CB526DB-0B3A-4D25-9285-550897462B9D}.Debug|Any CPU.Build.0 = Debug|Any CPU
		{9CB526DB-0B3A-4D25-9285-550897462B9D}.Release|Any CPU.ActiveCfg = Release|Any CPU
		{9CB526DB-0B3A-4D25-9285-550897462B9D}.Release|Any CPU.Build.0 = Release|Any CPU
		{D1C551CD-6FA3-4DBC-A73F-01ABF11B1F16}.Debug|Any CPU.ActiveCfg = Debug|Any CPU
		{D1C551CD-6FA3-4DBC-A73F-01ABF11B1F16}.Debug|Any CPU.Build.0 = Debug|Any CPU
		{D1C551CD-6FA3-4DBC-A73F-01ABF11B1F16}.Release|Any CPU.ActiveCfg = Release|Any CPU
		{D1C551CD-6FA3-4DBC-A73F-01ABF11B1F16}.Release|Any CPU.Build.0 = Release|Any CPU
		{AD33B72E-CB33-496E-9BCE-8A2710DFC912}.Debug|Any CPU.ActiveCfg = Debug|Any CPU
		{AD33B72E-CB33-496E-9BCE-8A2710DFC912}.Debug|Any CPU.Build.0 = Debug|Any CPU
		{AD33B72E-CB33-496E-9BCE-8A2710DFC912}.Release|Any CPU.ActiveCfg = Release|Any CPU
		{AD33B72E-CB33-496E-9BCE-8A2710DFC912}.Release|Any CPU.Build.0 = Release|Any CPU
		{18054FD4-B315-4E57-B170-2D6FC6760806}.Debug|Any CPU.ActiveCfg = Debug|Any CPU
		{18054FD4-B315-4E57-B170-2D6FC6760806}.Debug|Any CPU.Build.0 = Debug|Any CPU
		{18054FD4-B315-4E57-B170-2D6FC6760806}.Release|Any CPU.ActiveCfg = Release|Any CPU
		{18054FD4-B315-4E57-B170-2D6FC6760806}.Release|Any CPU.Build.0 = Release|Any CPU
		{813D7190-7CE0-4C65-9C1A-31CA85AF3312}.Debug|Any CPU.ActiveCfg = Debug|Any CPU
		{813D7190-7CE0-4C65-9C1A-31CA85AF3312}.Debug|Any CPU.Build.0 = Debug|Any CPU
		{813D7190-7CE0-4C65-9C1A-31CA85AF3312}.Release|Any CPU.ActiveCfg = Release|Any CPU
		{813D7190-7CE0-4C65-9C1A-31CA85AF3312}.Release|Any CPU.Build.0 = Release|Any CPU
		{465B9864-B011-4F8B-8CC0-3FC4593AFD17}.Debug|Any CPU.ActiveCfg = Debug|Any CPU
		{465B9864-B011-4F8B-8CC0-3FC4593AFD17}.Debug|Any CPU.Build.0 = Debug|Any CPU
		{465B9864-B011-4F8B-8CC0-3FC4593AFD17}.Release|Any CPU.ActiveCfg = Release|Any CPU
		{465B9864-B011-4F8B-8CC0-3FC4593AFD17}.Release|Any CPU.Build.0 = Release|Any CPU
		{6928500D-2A93-4B0B-9C3E-5DF0024300CB}.Debug|Any CPU.ActiveCfg = Debug|Any CPU
		{6928500D-2A93-4B0B-9C3E-5DF0024300CB}.Debug|Any CPU.Build.0 = Debug|Any CPU
		{6928500D-2A93-4B0B-9C3E-5DF0024300CB}.Release|Any CPU.ActiveCfg = Release|Any CPU
		{6928500D-2A93-4B0B-9C3E-5DF0024300CB}.Release|Any CPU.Build.0 = Release|Any CPU
		{B164D198-9653-42C1-B304-CC9C845B0DF7}.Debug|Any CPU.ActiveCfg = Debug|Any CPU
		{B164D198-9653-42C1-B304-CC9C845B0DF7}.Debug|Any CPU.Build.0 = Debug|Any CPU
		{B164D198-9653-42C1-B304-CC9C845B0DF7}.Release|Any CPU.ActiveCfg = Release|Any CPU
		{B164D198-9653-42C1-B304-CC9C845B0DF7}.Release|Any CPU.Build.0 = Release|Any CPU
		{0E6E478B-365A-4552-9212-7E6C6531A2A5}.Debug|Any CPU.ActiveCfg = Debug|Any CPU
		{0E6E478B-365A-4552-9212-7E6C6531A2A5}.Debug|Any CPU.Build.0 = Debug|Any CPU
		{0E6E478B-365A-4552-9212-7E6C6531A2A5}.Release|Any CPU.ActiveCfg = Release|Any CPU
		{0E6E478B-365A-4552-9212-7E6C6531A2A5}.Release|Any CPU.Build.0 = Release|Any CPU
		{D778D919-E785-4AA7-BEE8-BFE1FD3CBDBA}.Debug|Any CPU.ActiveCfg = Debug|Any CPU
		{D778D919-E785-4AA7-BEE8-BFE1FD3CBDBA}.Debug|Any CPU.Build.0 = Debug|Any CPU
		{D778D919-E785-4AA7-BEE8-BFE1FD3CBDBA}.Release|Any CPU.ActiveCfg = Release|Any CPU
		{D778D919-E785-4AA7-BEE8-BFE1FD3CBDBA}.Release|Any CPU.Build.0 = Release|Any CPU
		{5A32268A-6D5B-4974-9ECA-FA71663300BF}.Debug|Any CPU.ActiveCfg = Debug|Any CPU
		{5A32268A-6D5B-4974-9ECA-FA71663300BF}.Debug|Any CPU.Build.0 = Debug|Any CPU
		{5A32268A-6D5B-4974-9ECA-FA71663300BF}.Release|Any CPU.ActiveCfg = Release|Any CPU
		{5A32268A-6D5B-4974-9ECA-FA71663300BF}.Release|Any CPU.Build.0 = Release|Any CPU
		{235F875C-30AB-4298-8667-CD02EB844BBE}.Debug|Any CPU.ActiveCfg = Debug|Any CPU
		{235F875C-30AB-4298-8667-CD02EB844BBE}.Debug|Any CPU.Build.0 = Debug|Any CPU
		{235F875C-30AB-4298-8667-CD02EB844BBE}.Release|Any CPU.ActiveCfg = Release|Any CPU
		{235F875C-30AB-4298-8667-CD02EB844BBE}.Release|Any CPU.Build.0 = Release|Any CPU
		{2977103B-5AB2-4195-8869-D52FA16EA863}.Debug|Any CPU.ActiveCfg = Debug|Any CPU
		{2977103B-5AB2-4195-8869-D52FA16EA863}.Debug|Any CPU.Build.0 = Debug|Any CPU
		{2977103B-5AB2-4195-8869-D52FA16EA863}.Release|Any CPU.ActiveCfg = Release|Any CPU
		{2977103B-5AB2-4195-8869-D52FA16EA863}.Release|Any CPU.Build.0 = Release|Any CPU
		{C4C09D9C-CCC2-4C77-8757-4C2897CB66CC}.Debug|Any CPU.ActiveCfg = Debug|Any CPU
		{C4C09D9C-CCC2-4C77-8757-4C2897CB66CC}.Debug|Any CPU.Build.0 = Debug|Any CPU
		{C4C09D9C-CCC2-4C77-8757-4C2897CB66CC}.Release|Any CPU.ActiveCfg = Release|Any CPU
		{C4C09D9C-CCC2-4C77-8757-4C2897CB66CC}.Release|Any CPU.Build.0 = Release|Any CPU
		{64652E4B-3F03-4222-97B9-C1AE84C6C66B}.Debug|Any CPU.ActiveCfg = Debug|Any CPU
		{64652E4B-3F03-4222-97B9-C1AE84C6C66B}.Debug|Any CPU.Build.0 = Debug|Any CPU
		{64652E4B-3F03-4222-97B9-C1AE84C6C66B}.Release|Any CPU.ActiveCfg = Release|Any CPU
		{64652E4B-3F03-4222-97B9-C1AE84C6C66B}.Release|Any CPU.Build.0 = Release|Any CPU
		{59003373-836C-4CCE-B853-C344CEFE82EC}.Debug|Any CPU.ActiveCfg = Debug|Any CPU
		{59003373-836C-4CCE-B853-C344CEFE82EC}.Debug|Any CPU.Build.0 = Debug|Any CPU
		{59003373-836C-4CCE-B853-C344CEFE82EC}.Release|Any CPU.ActiveCfg = Release|Any CPU
		{59003373-836C-4CCE-B853-C344CEFE82EC}.Release|Any CPU.Build.0 = Release|Any CPU
		{9DAE8EE4-C920-4A2A-A1FF-F98ACD24D62D}.Debug|Any CPU.ActiveCfg = Debug|Any CPU
		{9DAE8EE4-C920-4A2A-A1FF-F98ACD24D62D}.Debug|Any CPU.Build.0 = Debug|Any CPU
		{9DAE8EE4-C920-4A2A-A1FF-F98ACD24D62D}.Release|Any CPU.ActiveCfg = Release|Any CPU
		{9DAE8EE4-C920-4A2A-A1FF-F98ACD24D62D}.Release|Any CPU.Build.0 = Release|Any CPU
		{EE29195E-A9DC-4421-9375-43374C224D80}.Debug|Any CPU.ActiveCfg = Debug|Any CPU
		{EE29195E-A9DC-4421-9375-43374C224D80}.Debug|Any CPU.Build.0 = Debug|Any CPU
		{EE29195E-A9DC-4421-9375-43374C224D80}.Release|Any CPU.ActiveCfg = Release|Any CPU
		{EE29195E-A9DC-4421-9375-43374C224D80}.Release|Any CPU.Build.0 = Release|Any CPU
		{466C004C-C427-475B-9974-7E4F0459D779}.Debug|Any CPU.ActiveCfg = Debug|Any CPU
		{466C004C-C427-475B-9974-7E4F0459D779}.Debug|Any CPU.Build.0 = Debug|Any CPU
		{466C004C-C427-475B-9974-7E4F0459D779}.Release|Any CPU.ActiveCfg = Release|Any CPU
		{466C004C-C427-475B-9974-7E4F0459D779}.Release|Any CPU.Build.0 = Release|Any CPU
		{86F030C2-4BA1-4F2B-8B00-07316C9C9296}.Debug|Any CPU.ActiveCfg = Debug|Any CPU
		{86F030C2-4BA1-4F2B-8B00-07316C9C9296}.Debug|Any CPU.Build.0 = Debug|Any CPU
		{86F030C2-4BA1-4F2B-8B00-07316C9C9296}.Release|Any CPU.ActiveCfg = Release|Any CPU
		{86F030C2-4BA1-4F2B-8B00-07316C9C9296}.Release|Any CPU.Build.0 = Release|Any CPU
		{98D11336-8637-4AA6-BFC6-CCFD3F32B1CC}.Debug|Any CPU.ActiveCfg = Debug|Any CPU
		{98D11336-8637-4AA6-BFC6-CCFD3F32B1CC}.Debug|Any CPU.Build.0 = Debug|Any CPU
		{98D11336-8637-4AA6-BFC6-CCFD3F32B1CC}.Release|Any CPU.ActiveCfg = Release|Any CPU
		{98D11336-8637-4AA6-BFC6-CCFD3F32B1CC}.Release|Any CPU.Build.0 = Release|Any CPU
		{BB26DC80-1292-415C-9CC5-C7BBF3619CB3}.Debug|Any CPU.ActiveCfg = Debug|Any CPU
		{BB26DC80-1292-415C-9CC5-C7BBF3619CB3}.Debug|Any CPU.Build.0 = Debug|Any CPU
		{BB26DC80-1292-415C-9CC5-C7BBF3619CB3}.Release|Any CPU.ActiveCfg = Release|Any CPU
		{BB26DC80-1292-415C-9CC5-C7BBF3619CB3}.Release|Any CPU.Build.0 = Release|Any CPU
		{480C5BD5-9C03-4BCB-881A-01001415D2FF}.Debug|Any CPU.ActiveCfg = Debug|Any CPU
		{480C5BD5-9C03-4BCB-881A-01001415D2FF}.Debug|Any CPU.Build.0 = Debug|Any CPU
		{480C5BD5-9C03-4BCB-881A-01001415D2FF}.Release|Any CPU.ActiveCfg = Release|Any CPU
		{480C5BD5-9C03-4BCB-881A-01001415D2FF}.Release|Any CPU.Build.0 = Release|Any CPU
		{D7385FB8-61F1-4264-AF39-C7707C12E92A}.Debug|Any CPU.ActiveCfg = Debug|Any CPU
		{D7385FB8-61F1-4264-AF39-C7707C12E92A}.Debug|Any CPU.Build.0 = Debug|Any CPU
		{D7385FB8-61F1-4264-AF39-C7707C12E92A}.Release|Any CPU.ActiveCfg = Release|Any CPU
		{D7385FB8-61F1-4264-AF39-C7707C12E92A}.Release|Any CPU.Build.0 = Release|Any CPU
		{7C2B13DB-7A81-444F-9F60-2D67DE046E1E}.Debug|Any CPU.ActiveCfg = Debug|Any CPU
		{7C2B13DB-7A81-444F-9F60-2D67DE046E1E}.Debug|Any CPU.Build.0 = Debug|Any CPU
		{7C2B13DB-7A81-444F-9F60-2D67DE046E1E}.Release|Any CPU.ActiveCfg = Release|Any CPU
		{7C2B13DB-7A81-444F-9F60-2D67DE046E1E}.Release|Any CPU.Build.0 = Release|Any CPU
		{3D94358A-AABD-4512-B68C-3D913130F3E0}.Debug|Any CPU.ActiveCfg = Debug|Any CPU
		{3D94358A-AABD-4512-B68C-3D913130F3E0}.Debug|Any CPU.Build.0 = Debug|Any CPU
		{3D94358A-AABD-4512-B68C-3D913130F3E0}.Release|Any CPU.ActiveCfg = Release|Any CPU
		{3D94358A-AABD-4512-B68C-3D913130F3E0}.Release|Any CPU.Build.0 = Release|Any CPU
	EndGlobalSection
EndGlobal
