
Microsoft Visual Studio Solution File, Format Version 12.00
Project("{F2A71F9B-5D33-465A-A702-920D77279786}") = "Unit1.Lesson3", "Unit1.Lesson3\Unit1.Lesson3.fsproj", "{CEFF1276-265D-4160-86C4-69DF822904F5}"
EndProject
Project("{F2A71F9B-5D33-465A-A702-920D77279786}") = "Unit2.Lesson4", "Unit2.Lesson4\Unit2.Lesson4.fsproj", "{9A0A2EA5-70D8-41B8-AC61-05F48BD9BD5E}"
EndProject
Project("{F2A71F9B-5D33-465A-A702-920D77279786}") = "Unit2.Lesson5", "Unit2.Lesson5\Unit2.Lesson5.fsproj", "{BB49780F-C2D1-43D0-80D9-336AFA0E8674}"
EndProject
Project("{F2A71F9B-5D33-465A-A702-920D77279786}") = "Unit2.Lesson6", "Unit2.Lesson6\Unit2.Lesson6.fsproj", "{608DCB39-39CD-4BB7-BE0B-1FC1B3757170}"
EndProject
Project("{F2A71F9B-5D33-465A-A702-920D77279786}") = "Unit2.Lesson7", "Unit2.Lesson7\Unit2.Lesson7.fsproj", "{EA5B36E5-9590-44F3-A993-2800A0C5A98E}"
EndProject
Project("{F2A71F9B-5D33-465A-A702-920D77279786}") = "Unit2.Lesson8", "Unit2.Lesson8\Unit2.Lesson8.fsproj", "{870D8B73-0D9D-4283-81C2-F44737CE095F}"
EndProject
Project("{F2A71F9B-5D33-465A-A702-920D77279786}") = "Unit3.Lesson9", "Unit3.Lesson9\Unit3.Lesson9.fsproj", "{BB8FE55B-2DD9-451A-865F-602D5202DB4A}"
EndProject
Project("{F2A71F9B-5D33-465A-A702-920D77279786}") = "Unit3.Lesson10", "Unit3.Lesson10\Unit3.Lesson10.fsproj", "{6445BC04-2E12-44CF-9F85-C673509BD161}"
EndProject
Project("{F2A71F9B-5D33-465A-A702-920D77279786}") = "Unit3.Lesson11", "Unit3.Lesson11\Unit3.Lesson11.fsproj", "{937898E5-982C-4C95-B68D-34C18AA825BE}"
EndProject
Project("{F2A71F9B-5D33-465A-A702-920D77279786}") = "Unit3.Lesson12", "Unit3.Lesson12\Unit3.Lesson12.fsproj", "{8CD52EF2-B8C4-42BA-AC1D-13D06EB47A02}"
EndProject
Project("{F2A71F9B-5D33-465A-A702-920D77279786}") = "Unit3.Lesson13", "Unit3.Lesson13\Unit3.Lesson13.fsproj", "{4419908C-AF7A-483A-97D4-8F0F16D67AEF}"
EndProject
Project("{F2A71F9B-5D33-465A-A702-920D77279786}") = "Unit3.Lesson14", "Unit3.Lesson14\Unit3.Lesson14.fsproj", "{EDDDE8E1-4B95-4875-A041-7A6BC4384232}"
EndProject
Project("{F2A71F9B-5D33-465A-A702-920D77279786}") = "Unit4.Lesson15", "Unit4.Lesson15\Unit4.Lesson15.fsproj", "{D2456D78-1EFD-41B5-AF69-93C81B6DD969}"
EndProject
Project("{F2A71F9B-5D33-465A-A702-920D77279786}") = "Unit4.Lesson16", "Unit4.Lesson16\Unit4.Lesson16.fsproj", "{E203649E-4970-490B-81C2-6750140A3774}"
EndProject
Project("{F2A71F9B-5D33-465A-A702-920D77279786}") = "Unit4.Lesson17", "Unit4.Lesson17\Unit4.Lesson17.fsproj", "{9CB526DB-0B3A-4D25-9285-550897462B9D}"
EndProject
Global
	GlobalSection(SolutionConfigurationPlatforms) = preSolution
		Debug|Any CPU = Debug|Any CPU
		Release|Any CPU = Release|Any CPU
	EndGlobalSection
	GlobalSection(ProjectConfigurationPlatforms) = postSolution
		{CEFF1276-265D-4160-86C4-69DF822904F5}.Debug|Any CPU.ActiveCfg = Debug|Any CPU
		{CEFF1276-265D-4160-86C4-69DF822904F5}.Debug|Any CPU.Build.0 = Debug|Any CPU
		{CEFF1276-265D-4160-86C4-69DF822904F5}.Release|Any CPU.ActiveCfg = Release|Any CPU
		{CEFF1276-265D-4160-86C4-69DF822904F5}.Release|Any CPU.Build.0 = Release|Any CPU
		{9A0A2EA5-70D8-41B8-AC61-05F48BD9BD5E}.Debug|Any CPU.ActiveCfg = Debug|Any CPU
		{9A0A2EA5-70D8-41B8-AC61-05F48BD9BD5E}.Debug|Any CPU.Build.0 = Debug|Any CPU
		{9A0A2EA5-70D8-41B8-AC61-05F48BD9BD5E}.Release|Any CPU.ActiveCfg = Release|Any CPU
		{9A0A2EA5-70D8-41B8-AC61-05F48BD9BD5E}.Release|Any CPU.Build.0 = Release|Any CPU
		{BB49780F-C2D1-43D0-80D9-336AFA0E8674}.Debug|Any CPU.ActiveCfg = Debug|Any CPU
		{BB49780F-C2D1-43D0-80D9-336AFA0E8674}.Debug|Any CPU.Build.0 = Debug|Any CPU
		{BB49780F-C2D1-43D0-80D9-336AFA0E8674}.Release|Any CPU.ActiveCfg = Release|Any CPU
		{BB49780F-C2D1-43D0-80D9-336AFA0E8674}.Release|Any CPU.Build.0 = Release|Any CPU
		{608DCB39-39CD-4BB7-BE0B-1FC1B3757170}.Debug|Any CPU.ActiveCfg = Debug|Any CPU
		{608DCB39-39CD-4BB7-BE0B-1FC1B3757170}.Debug|Any CPU.Build.0 = Debug|Any CPU
		{608DCB39-39CD-4BB7-BE0B-1FC1B3757170}.Release|Any CPU.ActiveCfg = Release|Any CPU
		{608DCB39-39CD-4BB7-BE0B-1FC1B3757170}.Release|Any CPU.Build.0 = Release|Any CPU
		{EA5B36E5-9590-44F3-A993-2800A0C5A98E}.Debug|Any CPU.ActiveCfg = Debug|Any CPU
		{EA5B36E5-9590-44F3-A993-2800A0C5A98E}.Debug|Any CPU.Build.0 = Debug|Any CPU
		{EA5B36E5-9590-44F3-A993-2800A0C5A98E}.Release|Any CPU.ActiveCfg = Release|Any CPU
		{EA5B36E5-9590-44F3-A993-2800A0C5A98E}.Release|Any CPU.Build.0 = Release|Any CPU
		{870D8B73-0D9D-4283-81C2-F44737CE095F}.Debug|Any CPU.ActiveCfg = Debug|Any CPU
		{870D8B73-0D9D-4283-81C2-F44737CE095F}.Debug|Any CPU.Build.0 = Debug|Any CPU
		{870D8B73-0D9D-4283-81C2-F44737CE095F}.Release|Any CPU.ActiveCfg = Release|Any CPU
		{870D8B73-0D9D-4283-81C2-F44737CE095F}.Release|Any CPU.Build.0 = Release|Any CPU
		{BB8FE55B-2DD9-451A-865F-602D5202DB4A}.Debug|Any CPU.ActiveCfg = Debug|Any CPU
		{BB8FE55B-2DD9-451A-865F-602D5202DB4A}.Debug|Any CPU.Build.0 = Debug|Any CPU
		{BB8FE55B-2DD9-451A-865F-602D5202DB4A}.Release|Any CPU.ActiveCfg = Release|Any CPU
		{BB8FE55B-2DD9-451A-865F-602D5202DB4A}.Release|Any CPU.Build.0 = Release|Any CPU
		{6445BC04-2E12-44CF-9F85-C673509BD161}.Debug|Any CPU.ActiveCfg = Debug|Any CPU
		{6445BC04-2E12-44CF-9F85-C673509BD161}.Debug|Any CPU.Build.0 = Debug|Any CPU
		{6445BC04-2E12-44CF-9F85-C673509BD161}.Release|Any CPU.ActiveCfg = Release|Any CPU
		{6445BC04-2E12-44CF-9F85-C673509BD161}.Release|Any CPU.Build.0 = Release|Any CPU
		{937898E5-982C-4C95-B68D-34C18AA825BE}.Debug|Any CPU.ActiveCfg = Debug|Any CPU
		{937898E5-982C-4C95-B68D-34C18AA825BE}.Debug|Any CPU.Build.0 = Debug|Any CPU
		{937898E5-982C-4C95-B68D-34C18AA825BE}.Release|Any CPU.ActiveCfg = Release|Any CPU
		{937898E5-982C-4C95-B68D-34C18AA825BE}.Release|Any CPU.Build.0 = Release|Any CPU
		{8CD52EF2-B8C4-42BA-AC1D-13D06EB47A02}.Debug|Any CPU.ActiveCfg = Debug|Any CPU
		{8CD52EF2-B8C4-42BA-AC1D-13D06EB47A02}.Debug|Any CPU.Build.0 = Debug|Any CPU
		{8CD52EF2-B8C4-42BA-AC1D-13D06EB47A02}.Release|Any CPU.ActiveCfg = Release|Any CPU
		{8CD52EF2-B8C4-42BA-AC1D-13D06EB47A02}.Release|Any CPU.Build.0 = Release|Any CPU
		{4419908C-AF7A-483A-97D4-8F0F16D67AEF}.Debug|Any CPU.ActiveCfg = Debug|Any CPU
		{4419908C-AF7A-483A-97D4-8F0F16D67AEF}.Debug|Any CPU.Build.0 = Debug|Any CPU
		{4419908C-AF7A-483A-97D4-8F0F16D67AEF}.Release|Any CPU.ActiveCfg = Release|Any CPU
		{4419908C-AF7A-483A-97D4-8F0F16D67AEF}.Release|Any CPU.Build.0 = Release|Any CPU
		{EDDDE8E1-4B95-4875-A041-7A6BC4384232}.Debug|Any CPU.ActiveCfg = Debug|Any CPU
		{EDDDE8E1-4B95-4875-A041-7A6BC4384232}.Debug|Any CPU.Build.0 = Debug|Any CPU
		{EDDDE8E1-4B95-4875-A041-7A6BC4384232}.Release|Any CPU.ActiveCfg = Release|Any CPU
		{EDDDE8E1-4B95-4875-A041-7A6BC4384232}.Release|Any CPU.Build.0 = Release|Any CPU
		{D2456D78-1EFD-41B5-AF69-93C81B6DD969}.Debug|Any CPU.ActiveCfg = Debug|Any CPU
		{D2456D78-1EFD-41B5-AF69-93C81B6DD969}.Debug|Any CPU.Build.0 = Debug|Any CPU
		{D2456D78-1EFD-41B5-AF69-93C81B6DD969}.Release|Any CPU.ActiveCfg = Release|Any CPU
		{D2456D78-1EFD-41B5-AF69-93C81B6DD969}.Release|Any CPU.Build.0 = Release|Any CPU
		{E203649E-4970-490B-81C2-6750140A3774}.Debug|Any CPU.ActiveCfg = Debug|Any CPU
		{E203649E-4970-490B-81C2-6750140A3774}.Debug|Any CPU.Build.0 = Debug|Any CPU
		{E203649E-4970-490B-81C2-6750140A3774}.Release|Any CPU.ActiveCfg = Release|Any CPU
		{E203649E-4970-490B-81C2-6750140A3774}.Release|Any CPU.Build.0 = Release|Any CPU
		{9CB526DB-0B3A-4D25-9285-550897462B9D}.Debug|Any CPU.ActiveCfg = Debug|Any CPU
		{9CB526DB-0B3A-4D25-9285-550897462B9D}.Debug|Any CPU.Build.0 = Debug|Any CPU
		{9CB526DB-0B3A-4D25-9285-550897462B9D}.Release|Any CPU.ActiveCfg = Release|Any CPU
		{9CB526DB-0B3A-4D25-9285-550897462B9D}.Release|Any CPU.Build.0 = Release|Any CPU
	EndGlobalSection
EndGlobal
