
Microsoft Visual Studio Solution File, Format Version 12.00
Project("{F2A71F9B-5D33-465A-A702-920D77279786}") = "Unit1.Lesson3", "Unit1.Lesson3\Unit1.Lesson3.fsproj", "{CEFF1276-265D-4160-86C4-69DF822904F5}"
EndProject
Project("{F2A71F9B-5D33-465A-A702-920D77279786}") = "Unit2.Lesson4", "Unit2.Lesson4\Unit2.Lesson4.fsproj", "{9A0A2EA5-70D8-41B8-AC61-05F48BD9BD5E}"
EndProject
Project("{F2A71F9B-5D33-465A-A702-920D77279786}") = "Unit2.Lesson5", "Unit2.Lesson5\Unit2.Lesson5.fsproj", "{BB49780F-C2D1-43D0-80D9-336AFA0E8674}"
EndProject
Global
	GlobalSection(SolutionConfigurationPlatforms) = preSolution
		Debug|Any CPU = Debug|Any CPU
		Release|Any CPU = Release|Any CPU
	EndGlobalSection
	GlobalSection(ProjectConfigurationPlatforms) = postSolution
		{CEFF1276-265D-4160-86C4-69DF822904F5}.Debug|Any CPU.ActiveCfg = Debug|Any CPU
		{CEFF1276-265D-4160-86C4-69DF822904F5}.Debug|Any CPU.Build.0 = Debug|Any CPU
		{CEFF1276-265D-4160-86C4-69DF822904F5}.Release|Any CPU.ActiveCfg = Release|Any CPU
		{CEFF1276-265D-4160-86C4-69DF822904F5}.Release|Any CPU.Build.0 = Release|Any CPU
		{9A0A2EA5-70D8-41B8-AC61-05F48BD9BD5E}.Debug|Any CPU.ActiveCfg = Debug|Any CPU
		{9A0A2EA5-70D8-41B8-AC61-05F48BD9BD5E}.Debug|Any CPU.Build.0 = Debug|Any CPU
		{9A0A2EA5-70D8-41B8-AC61-05F48BD9BD5E}.Release|Any CPU.ActiveCfg = Release|Any CPU
		{9A0A2EA5-70D8-41B8-AC61-05F48BD9BD5E}.Release|Any CPU.Build.0 = Release|Any CPU
		{BB49780F-C2D1-43D0-80D9-336AFA0E8674}.Debug|Any CPU.ActiveCfg = Debug|Any CPU
		{BB49780F-C2D1-43D0-80D9-336AFA0E8674}.Debug|Any CPU.Build.0 = Debug|Any CPU
		{BB49780F-C2D1-43D0-80D9-336AFA0E8674}.Release|Any CPU.ActiveCfg = Release|Any CPU
		{BB49780F-C2D1-43D0-80D9-336AFA0E8674}.Release|Any CPU.Build.0 = Release|Any CPU
	EndGlobalSection
EndGlobal
